
Microsoft Visual Studio Solution File, Format Version 12.00
# Visual Studio Version 17
VisualStudioVersion = 17.10.35004.147
MinimumVisualStudioVersion = 10.0.40219.1
Project("{FAE04EC0-301F-11D3-BF4B-00C04F79EFBC}") = "ASPNETCoreForBeginners", "ASPNETCoreForBeginners\ASPNETCoreForBeginners.csproj", "{CA0702E7-D7CA-4DF2-810E-970289D5AB01}"
EndProject
Global
	GlobalSection(SolutionConfigurationPlatforms) = preSolution
		Debug|Any CPU = Debug|Any CPU
		Release|Any CPU = Release|Any CPU
	EndGlobalSection
	GlobalSection(ProjectConfigurationPlatforms) = postSolution
		{CA0702E7-D7CA-4DF2-810E-970289D5AB01}.Debug|Any CPU.ActiveCfg = Debug|Any CPU
		{CA0702E7-D7CA-4DF2-810E-970289D5AB01}.Debug|Any CPU.Build.0 = Debug|Any CPU
		{CA0702E7-D7CA-4DF2-810E-970289D5AB01}.Release|Any CPU.ActiveCfg = Release|Any CPU
		{CA0702E7-D7CA-4DF2-810E-970289D5AB01}.Release|Any CPU.Build.0 = Release|Any CPU
	EndGlobalSection
	GlobalSection(SolutionProperties) = preSolution
		HideSolutionNode = FALSE
	EndGlobalSection
	GlobalSection(ExtensibilityGlobals) = postSolution
		SolutionGuid = {C33A55EE-B0A6-4344-82EF-75915A68F4BA}
	EndGlobalSection
EndGlobal
